
Microsoft Visual Studio Solution File, Format Version 12.00
# Visual Studio 15
VisualStudioVersion = 15.0.28307.438
MinimumVisualStudioVersion = 10.0.40219.1
Project("{FAE04EC0-301F-11D3-BF4B-00C04F79EFBC}") = "task1", "task1\task1.csproj", "{C34112F5-BB7E-4378-B067-1FB24AEFAC32}"
EndProject
Project("{FAE04EC0-301F-11D3-BF4B-00C04F79EFBC}") = "task2", "task2\task2.csproj", "{527B7AA8-DA97-429B-8422-9297FAFC734B}"
EndProject
Global
	GlobalSection(SolutionConfigurationPlatforms) = preSolution
		Debug|Any CPU = Debug|Any CPU
		Release|Any CPU = Release|Any CPU
	EndGlobalSection
	GlobalSection(ProjectConfigurationPlatforms) = postSolution
		{C34112F5-BB7E-4378-B067-1FB24AEFAC32}.Debug|Any CPU.ActiveCfg = Debug|Any CPU
		{C34112F5-BB7E-4378-B067-1FB24AEFAC32}.Debug|Any CPU.Build.0 = Debug|Any CPU
		{C34112F5-BB7E-4378-B067-1FB24AEFAC32}.Release|Any CPU.ActiveCfg = Release|Any CPU
		{C34112F5-BB7E-4378-B067-1FB24AEFAC32}.Release|Any CPU.Build.0 = Release|Any CPU
		{527B7AA8-DA97-429B-8422-9297FAFC734B}.Debug|Any CPU.ActiveCfg = Debug|Any CPU
		{527B7AA8-DA97-429B-8422-9297FAFC734B}.Debug|Any CPU.Build.0 = Debug|Any CPU
		{527B7AA8-DA97-429B-8422-9297FAFC734B}.Release|Any CPU.ActiveCfg = Release|Any CPU
		{527B7AA8-DA97-429B-8422-9297FAFC734B}.Release|Any CPU.Build.0 = Release|Any CPU
	EndGlobalSection
	GlobalSection(SolutionProperties) = preSolution
		HideSolutionNode = FALSE
	EndGlobalSection
	GlobalSection(ExtensibilityGlobals) = postSolution
		SolutionGuid = {8354081B-DFA3-432B-B6AD-780406D6AA30}
	EndGlobalSection
EndGlobal
